{
  "name": "@ghini/faker",
  "version": "25.8.1143016",
  "lockfileVersion": 3,
  "requires": true,
  "packages": {
    "": {
      "name": "@ghini/faker",
      "version": "25.8.1143016",
      "license": "MIT",
      "dependencies": {
        "@faker-js/faker": "^9.9.0",
        "country-state-city": "^3.2.1"
      }
    },
    "node_modules/@faker-js/faker": {
      "version": "9.9.0",
      "resolved": "https://registry.npmjs.org/@faker-js/faker/-/faker-9.9.0.tgz",
      "integrity": "sha512-OEl393iCOoo/z8bMezRlJu+GlRGlsKbUAN7jKB6LhnKoqKve5DXRpalbItIIcwnCjs1k/FOPjFzcA6Qn+H+YbA==",
      "funding": [
        {
          "type": "opencollective",
          "url": "https://opencollective.com/fakerjs"
        }
      ],
      "license": "MIT",
      "engines": {
        "node": ">=18.0.0",
        "npm": ">=9.0.0"
      }
    },
    "node_modules/country-state-city": {
      "version": "3.2.1",
      "resolved": "https://registry.npmjs.org/country-state-city/-/country-state-city-3.2.1.tgz",
      "integrity": "sha512-kxbanqMc6izjhc/EHkGPCTabSPZ2G6eG4/97akAYHJUN4stzzFEvQPZoF8oXDQ+10gM/O/yUmISCR1ZVxyb6EA==",
      "license": "GPL-3.0"
    }
  }
}
